// !$*UTF8*$!
{
	archiveVersion = 1;
	classes = {
	};
	objectVersion = 46;
	objects = {

/* Begin PBXBuildFile section */
		5873BF091DE8229E005B6BD5 /* DRDetailMaterialCell.m in Sources */ = {isa = PBXBuildFile; fileRef = 5873BF081DE8229E005B6BD5 /* DRDetailMaterialCell.m */; };
		5873BF0B1DE82483005B6BD5 /* DRDetailMaterialCell.xib in Resources */ = {isa = PBXBuildFile; fileRef = 5873BF0A1DE82483005B6BD5 /* DRDetailMaterialCell.xib */; };
		5873BF0D1DE82848005B6BD5 /* DRDetailMaterialHeaderCell.xib in Resources */ = {isa = PBXBuildFile; fileRef = 5873BF0C1DE82848005B6BD5 /* DRDetailMaterialHeaderCell.xib */; };
		5873BF101DE83977005B6BD5 /* DRDetailMaterialViewController.m in Sources */ = {isa = PBXBuildFile; fileRef = 5873BF0F1DE83977005B6BD5 /* DRDetailMaterialViewController.m */; };
		5873BF171DEA742C005B6BD5 /* DRSearchViewController.m in Sources */ = {isa = PBXBuildFile; fileRef = 5873BF151DEA742C005B6BD5 /* DRSearchViewController.m */; };
		5873BF1B1DEA74C4005B6BD5 /* DRRecipeSearchCell.m in Sources */ = {isa = PBXBuildFile; fileRef = 5873BF1A1DEA74C4005B6BD5 /* DRRecipeSearchCell.m */; };
		5873BF1F1DEA7AD9005B6BD5 /* DRRecipeSearchItem.m in Sources */ = {isa = PBXBuildFile; fileRef = 5873BF1E1DEA7AD9005B6BD5 /* DRRecipeSearchItem.m */; };
		5873BF331DEC3A1F005B6BD5 /* DRMaterialIemViewController.m in Sources */ = {isa = PBXBuildFile; fileRef = 5873BF321DEC3A1F005B6BD5 /* DRMaterialIemViewController.m */; };
		5873BF361DEC3C77005B6BD5 /* DRRecipeHistoryViewController.m in Sources */ = {isa = PBXBuildFile; fileRef = 5873BF351DEC3C77005B6BD5 /* DRRecipeHistoryViewController.m */; };
		58A5560E1DE54074004D1625 /* DRCategoriesViewController.m in Sources */ = {isa = PBXBuildFile; fileRef = 58A5560D1DE54074004D1625 /* DRCategoriesViewController.m */; };
		58A556121DE54114004D1625 /* DRBaseViewController.m in Sources */ = {isa = PBXBuildFile; fileRef = 58A556111DE54114004D1625 /* DRBaseViewController.m */; };
		58A556201DE5A0BE004D1625 /* UIImage+Common.m in Sources */ = {isa = PBXBuildFile; fileRef = 58A5561F1DE5A0BE004D1625 /* UIImage+Common.m */; };
		58A556271DE5A712004D1625 /* DRRecipeCategoriesCell.m in Sources */ = {isa = PBXBuildFile; fileRef = 58A556261DE5A712004D1625 /* DRRecipeCategoriesCell.m */; };
		58A5562B1DE5A7E2004D1625 /* DRBaseCell.m in Sources */ = {isa = PBXBuildFile; fileRef = 58A5562A1DE5A7E2004D1625 /* DRBaseCell.m */; };
		58A5562E1DE5C8FB004D1625 /* DRRecipeCategoriesHeaderView.m in Sources */ = {isa = PBXBuildFile; fileRef = 58A5562D1DE5C8FB004D1625 /* DRRecipeCategoriesHeaderView.m */; };
		58A556311DE6BA4D004D1625 /* DRSubCategoriesViewController.m in Sources */ = {isa = PBXBuildFile; fileRef = 58A556301DE6BA4D004D1625 /* DRSubCategoriesViewController.m */; };
		8478BF7F1DE4A3610052E351 /* main.m in Sources */ = {isa = PBXBuildFile; fileRef = 8478BF7E1DE4A3610052E351 /* main.m */; };
		8478BF821DE4A3610052E351 /* AppDelegate.m in Sources */ = {isa = PBXBuildFile; fileRef = 8478BF811DE4A3610052E351 /* AppDelegate.m */; };
		8478BF851DE4A3610052E351 /* ViewController.m in Sources */ = {isa = PBXBuildFile; fileRef = 8478BF841DE4A3610052E351 /* ViewController.m */; };
		8478BF881DE4A3610052E351 /* Main.storyboard in Resources */ = {isa = PBXBuildFile; fileRef = 8478BF861DE4A3610052E351 /* Main.storyboard */; };
		8478BF8A1DE4A3610052E351 /* Assets.xcassets in Resources */ = {isa = PBXBuildFile; fileRef = 8478BF891DE4A3610052E351 /* Assets.xcassets */; };
		8478BF8D1DE4A3610052E351 /* LaunchScreen.storyboard in Resources */ = {isa = PBXBuildFile; fileRef = 8478BF8B1DE4A3610052E351 /* LaunchScreen.storyboard */; };
		8478BF981DE4A3610052E351 /* dqxRecipeTests.m in Sources */ = {isa = PBXBuildFile; fileRef = 8478BF971DE4A3610052E351 /* dqxRecipeTests.m */; };
		8478BFA31DE4A3610052E351 /* dqxRecipeUITests.m in Sources */ = {isa = PBXBuildFile; fileRef = 8478BFA21DE4A3610052E351 /* dqxRecipeUITests.m */; };
		8478BFB41DE4A8E50052E351 /* DRTabBarController.m in Sources */ = {isa = PBXBuildFile; fileRef = 8478BFB31DE4A8E50052E351 /* DRTabBarController.m */; };
		FE03AA3C1E79395FCF03974C /* libPods-dqxRecipe.a in Frameworks */ = {isa = PBXBuildFile; fileRef = 35C4BDA3CA34EA0C1315FCBE /* libPods-dqxRecipe.a */; };
/* End PBXBuildFile section */

/* Begin PBXContainerItemProxy section */
		8478BF941DE4A3610052E351 /* PBXContainerItemProxy */ = {
			isa = PBXContainerItemProxy;
			containerPortal = 8478BF721DE4A3610052E351 /* Project object */;
			proxyType = 1;
			remoteGlobalIDString = 8478BF791DE4A3610052E351;
			remoteInfo = dqxRecipe;
		};
		8478BF9F1DE4A3610052E351 /* PBXContainerItemProxy */ = {
			isa = PBXContainerItemProxy;
			containerPortal = 8478BF721DE4A3610052E351 /* Project object */;
			proxyType = 1;
			remoteGlobalIDString = 8478BF791DE4A3610052E351;
			remoteInfo = dqxRecipe;
		};
/* End PBXContainerItemProxy section */

/* Begin PBXFileReference section */
		35C4BDA3CA34EA0C1315FCBE /* libPods-dqxRecipe.a */ = {isa = PBXFileReference; explicitFileType = archive.ar; includeInIndex = 0; path = "libPods-dqxRecipe.a"; sourceTree = BUILT_PRODUCTS_DIR; };
		580AEFD11DEDA5E4009C2682 /* GoogleMobileAds.framework */ = {isa = PBXFileReference; lastKnownFileType = wrapper.framework; name = GoogleMobileAds.framework; path = "Pods/Google-Mobile-Ads-SDK/Frameworks/GoogleMobileAds.framework"; sourceTree = "<group>"; };
		5873BF071DE82280005B6BD5 /* DRDetailMaterialCell.h */ = {isa = PBXFileReference; lastKnownFileType = sourcecode.c.h; name = DRDetailMaterialCell.h; path = CustomViews/RecipeCategories/Cells/DRDetailMaterialCell.h; sourceTree = "<group>"; };
		5873BF081DE8229E005B6BD5 /* DRDetailMaterialCell.m */ = {isa = PBXFileReference; fileEncoding = 4; lastKnownFileType = sourcecode.c.objc; name = DRDetailMaterialCell.m; path = CustomViews/RecipeCategories/Cells/DRDetailMaterialCell.m; sourceTree = "<group>"; };
		5873BF0A1DE82483005B6BD5 /* DRDetailMaterialCell.xib */ = {isa = PBXFileReference; fileEncoding = 4; lastKnownFileType = file.xib; name = DRDetailMaterialCell.xib; path = CustomViews/RecipeCategories/Cells/DRDetailMaterialCell.xib; sourceTree = "<group>"; };
		5873BF0C1DE82848005B6BD5 /* DRDetailMaterialHeaderCell.xib */ = {isa = PBXFileReference; fileEncoding = 4; lastKnownFileType = file.xib; name = DRDetailMaterialHeaderCell.xib; path = CustomViews/RecipeCategories/Cells/DRDetailMaterialHeaderCell.xib; sourceTree = "<group>"; };
		5873BF0E1DE83963005B6BD5 /* DRDetailMaterialViewController.h */ = {isa = PBXFileReference; lastKnownFileType = sourcecode.c.h; name = DRDetailMaterialViewController.h; path = ViewControllers/RecipeCategories/DRDetailMaterialViewController.h; sourceTree = "<group>"; };
		5873BF0F1DE83977005B6BD5 /* DRDetailMaterialViewController.m */ = {isa = PBXFileReference; fileEncoding = 4; lastKnownFileType = sourcecode.c.objc; name = DRDetailMaterialViewController.m; path = ViewControllers/RecipeCategories/DRDetailMaterialViewController.m; sourceTree = "<group>"; };
		5873BF151DEA742C005B6BD5 /* DRSearchViewController.m */ = {isa = PBXFileReference; fileEncoding = 4; lastKnownFileType = sourcecode.c.objc; name = DRSearchViewController.m; path = ViewControllers/RecipeSearch/DRSearchViewController.m; sourceTree = "<group>"; };
		5873BF161DEA742C005B6BD5 /* DRSearchViewController.h */ = {isa = PBXFileReference; fileEncoding = 4; lastKnownFileType = sourcecode.c.h; name = DRSearchViewController.h; path = ViewControllers/RecipeSearch/DRSearchViewController.h; sourceTree = "<group>"; };
		5873BF191DEA74A5005B6BD5 /* DRRecipeSearchCell.h */ = {isa = PBXFileReference; lastKnownFileType = sourcecode.c.h; name = DRRecipeSearchCell.h; path = CustomViews/RecipeSearch/DRRecipeSearchCell.h; sourceTree = "<group>"; };
		5873BF1A1DEA74C4005B6BD5 /* DRRecipeSearchCell.m */ = {isa = PBXFileReference; fileEncoding = 4; lastKnownFileType = sourcecode.c.objc; name = DRRecipeSearchCell.m; path = CustomViews/RecipeSearch/DRRecipeSearchCell.m; sourceTree = "<group>"; };
		5873BF1D1DEA7AC7005B6BD5 /* DRRecipeSearchItem.h */ = {isa = PBXFileReference; lastKnownFileType = sourcecode.c.h; name = DRRecipeSearchItem.h; path = Models/DRRecipeSearchItem.h; sourceTree = "<group>"; };
		5873BF1E1DEA7AD9005B6BD5 /* DRRecipeSearchItem.m */ = {isa = PBXFileReference; fileEncoding = 4; lastKnownFileType = sourcecode.c.objc; name = DRRecipeSearchItem.m; path = Models/DRRecipeSearchItem.m; sourceTree = "<group>"; };
		5873BF311DEC3A0C005B6BD5 /* DRMaterialIemViewController.h */ = {isa = PBXFileReference; lastKnownFileType = sourcecode.c.h; name = DRMaterialIemViewController.h; path = ViewControllers/MaterialItem/DRMaterialIemViewController.h; sourceTree = "<group>"; };
		5873BF321DEC3A1F005B6BD5 /* DRMaterialIemViewController.m */ = {isa = PBXFileReference; fileEncoding = 4; lastKnownFileType = sourcecode.c.objc; name = DRMaterialIemViewController.m; path = ViewControllers/MaterialItem/DRMaterialIemViewController.m; sourceTree = "<group>"; };
		5873BF341DEC3C66005B6BD5 /* DRRecipeHistoryViewController.h */ = {isa = PBXFileReference; lastKnownFileType = sourcecode.c.h; name = DRRecipeHistoryViewController.h; path = ViewControllers/RecipeHistory/DRRecipeHistoryViewController.h; sourceTree = "<group>"; };
		5873BF351DEC3C77005B6BD5 /* DRRecipeHistoryViewController.m */ = {isa = PBXFileReference; fileEncoding = 4; lastKnownFileType = sourcecode.c.objc; name = DRRecipeHistoryViewController.m; path = ViewControllers/RecipeHistory/DRRecipeHistoryViewController.m; sourceTree = "<group>"; };
		58A556091DE53CBC004D1625 /* Constants.h */ = {isa = PBXFileReference; lastKnownFileType = sourcecode.c.h; name = Constants.h; path = Common/Headers/Constants.h; sourceTree = "<group>"; };
		58A5560A1DE53DC5004D1625 /* dqxRecipe.pch */ = {isa = PBXFileReference; lastKnownFileType = sourcecode.c.h; path = dqxRecipe.pch; sourceTree = "<group>"; };
		58A5560C1DE5402F004D1625 /* DRCategoriesViewController.h */ = {isa = PBXFileReference; lastKnownFileType = sourcecode.c.h; name = DRCategoriesViewController.h; path = ViewControllers/RecipeCategories/DRCategoriesViewController.h; sourceTree = "<group>"; };
		58A5560D1DE54074004D1625 /* DRCategoriesViewController.m */ = {isa = PBXFileReference; fileEncoding = 4; lastKnownFileType = sourcecode.c.objc; name = DRCategoriesViewController.m; path = ViewControllers/RecipeCategories/DRCategoriesViewController.m; sourceTree = "<group>"; };
		58A556101DE540FB004D1625 /* DRBaseViewController.h */ = {isa = PBXFileReference; lastKnownFileType = sourcecode.c.h; name = DRBaseViewController.h; path = ViewControllers/Base/DRBaseViewController.h; sourceTree = "<group>"; };
		58A556111DE54114004D1625 /* DRBaseViewController.m */ = {isa = PBXFileReference; fileEncoding = 4; lastKnownFileType = sourcecode.c.objc; name = DRBaseViewController.m; path = ViewControllers/Base/DRBaseViewController.m; sourceTree = "<group>"; };
		58A5561E1DE5A0BE004D1625 /* UIImage+Common.h */ = {isa = PBXFileReference; fileEncoding = 4; lastKnownFileType = sourcecode.c.h; name = "UIImage+Common.h"; path = "Common/Categories/UIImage+Common.h"; sourceTree = "<group>"; };
		58A5561F1DE5A0BE004D1625 /* UIImage+Common.m */ = {isa = PBXFileReference; fileEncoding = 4; lastKnownFileType = sourcecode.c.objc; name = "UIImage+Common.m"; path = "Common/Categories/UIImage+Common.m"; sourceTree = "<group>"; };
		58A556211DE5A525004D1625 /* Macros.h */ = {isa = PBXFileReference; lastKnownFileType = sourcecode.c.h; name = Macros.h; path = Common/Headers/Macros.h; sourceTree = "<group>"; };
		58A556251DE5A6FE004D1625 /* DRRecipeCategoriesCell.h */ = {isa = PBXFileReference; lastKnownFileType = sourcecode.c.h; name = DRRecipeCategoriesCell.h; path = CustomViews/RecipeCategories/Cells/DRRecipeCategoriesCell.h; sourceTree = "<group>"; };
		58A556261DE5A712004D1625 /* DRRecipeCategoriesCell.m */ = {isa = PBXFileReference; fileEncoding = 4; lastKnownFileType = sourcecode.c.objc; name = DRRecipeCategoriesCell.m; path = CustomViews/RecipeCategories/Cells/DRRecipeCategoriesCell.m; sourceTree = "<group>"; };
		58A556291DE5A7CD004D1625 /* DRBaseCell.h */ = {isa = PBXFileReference; lastKnownFileType = sourcecode.c.h; name = DRBaseCell.h; path = CustomViews/Base/DRBaseCell.h; sourceTree = "<group>"; };
		58A5562A1DE5A7E2004D1625 /* DRBaseCell.m */ = {isa = PBXFileReference; fileEncoding = 4; lastKnownFileType = sourcecode.c.objc; name = DRBaseCell.m; path = CustomViews/Base/DRBaseCell.m; sourceTree = "<group>"; };
		58A5562C1DE5C8E5004D1625 /* DRRecipeCategoriesHeaderView.h */ = {isa = PBXFileReference; lastKnownFileType = sourcecode.c.h; name = DRRecipeCategoriesHeaderView.h; path = CustomViews/RecipeCategories/DRRecipeCategoriesHeaderView.h; sourceTree = "<group>"; };
		58A5562D1DE5C8FB004D1625 /* DRRecipeCategoriesHeaderView.m */ = {isa = PBXFileReference; fileEncoding = 4; lastKnownFileType = sourcecode.c.objc; name = DRRecipeCategoriesHeaderView.m; path = CustomViews/RecipeCategories/DRRecipeCategoriesHeaderView.m; sourceTree = "<group>"; };
		58A5562F1DE6BA2D004D1625 /* DRSubCategoriesViewController.h */ = {isa = PBXFileReference; lastKnownFileType = sourcecode.c.h; name = DRSubCategoriesViewController.h; path = ViewControllers/RecipeCategories/DRSubCategoriesViewController.h; sourceTree = "<group>"; };
		58A556301DE6BA4D004D1625 /* DRSubCategoriesViewController.m */ = {isa = PBXFileReference; fileEncoding = 4; lastKnownFileType = sourcecode.c.objc; name = DRSubCategoriesViewController.m; path = ViewControllers/RecipeCategories/DRSubCategoriesViewController.m; sourceTree = "<group>"; };
		8478BF7A1DE4A3610052E351 /* dqxRecipe.app */ = {isa = PBXFileReference; explicitFileType = wrapper.application; includeInIndex = 0; path = dqxRecipe.app; sourceTree = BUILT_PRODUCTS_DIR; };
		8478BF7E1DE4A3610052E351 /* main.m */ = {isa = PBXFileReference; lastKnownFileType = sourcecode.c.objc; path = main.m; sourceTree = "<group>"; };
		8478BF801DE4A3610052E351 /* AppDelegate.h */ = {isa = PBXFileReference; lastKnownFileType = sourcecode.c.h; path = AppDelegate.h; sourceTree = "<group>"; };
		8478BF811DE4A3610052E351 /* AppDelegate.m */ = {isa = PBXFileReference; lastKnownFileType = sourcecode.c.objc; path = AppDelegate.m; sourceTree = "<group>"; };
		8478BF831DE4A3610052E351 /* ViewController.h */ = {isa = PBXFileReference; lastKnownFileType = sourcecode.c.h; path = ViewController.h; sourceTree = "<group>"; };
		8478BF841DE4A3610052E351 /* ViewController.m */ = {isa = PBXFileReference; lastKnownFileType = sourcecode.c.objc; path = ViewController.m; sourceTree = "<group>"; };
		8478BF871DE4A3610052E351 /* Base */ = {isa = PBXFileReference; lastKnownFileType = file.storyboard; name = Base; path = Base.lproj/Main.storyboard; sourceTree = "<group>"; };
		8478BF891DE4A3610052E351 /* Assets.xcassets */ = {isa = PBXFileReference; lastKnownFileType = folder.assetcatalog; path = Assets.xcassets; sourceTree = "<group>"; };
		8478BF8C1DE4A3610052E351 /* Base */ = {isa = PBXFileReference; lastKnownFileType = file.storyboard; name = Base; path = Base.lproj/LaunchScreen.storyboard; sourceTree = "<group>"; };
		8478BF8E1DE4A3610052E351 /* Info.plist */ = {isa = PBXFileReference; lastKnownFileType = text.plist.xml; path = Info.plist; sourceTree = "<group>"; };
		8478BF931DE4A3610052E351 /* dqxRecipeTests.xctest */ = {isa = PBXFileReference; explicitFileType = wrapper.cfbundle; includeInIndex = 0; path = dqxRecipeTests.xctest; sourceTree = BUILT_PRODUCTS_DIR; };
		8478BF971DE4A3610052E351 /* dqxRecipeTests.m */ = {isa = PBXFileReference; lastKnownFileType = sourcecode.c.objc; path = dqxRecipeTests.m; sourceTree = "<group>"; };
		8478BF991DE4A3610052E351 /* Info.plist */ = {isa = PBXFileReference; lastKnownFileType = text.plist.xml; path = Info.plist; sourceTree = "<group>"; };
		8478BF9E1DE4A3610052E351 /* dqxRecipeUITests.xctest */ = {isa = PBXFileReference; explicitFileType = wrapper.cfbundle; includeInIndex = 0; path = dqxRecipeUITests.xctest; sourceTree = BUILT_PRODUCTS_DIR; };
		8478BFA21DE4A3610052E351 /* dqxRecipeUITests.m */ = {isa = PBXFileReference; lastKnownFileType = sourcecode.c.objc; path = dqxRecipeUITests.m; sourceTree = "<group>"; };
		8478BFA41DE4A3610052E351 /* Info.plist */ = {isa = PBXFileReference; lastKnownFileType = text.plist.xml; path = Info.plist; sourceTree = "<group>"; };
		8478BFB21DE4A8890052E351 /* DRTabBarController.h */ = {isa = PBXFileReference; lastKnownFileType = sourcecode.c.h; name = DRTabBarController.h; path = ViewControllers/TabBar/DRTabBarController.h; sourceTree = "<group>"; };
		8478BFB31DE4A8E50052E351 /* DRTabBarController.m */ = {isa = PBXFileReference; fileEncoding = 4; lastKnownFileType = sourcecode.c.objc; name = DRTabBarController.m; path = ViewControllers/TabBar/DRTabBarController.m; sourceTree = "<group>"; };
		90801B85F98F4F31E78DEC1C /* Pods-dqxRecipe.debug.xcconfig */ = {isa = PBXFileReference; includeInIndex = 1; lastKnownFileType = text.xcconfig; name = "Pods-dqxRecipe.debug.xcconfig"; path = "Pods/Target Support Files/Pods-dqxRecipe/Pods-dqxRecipe.debug.xcconfig"; sourceTree = "<group>"; };
		A55A128C9FC914D1DB984382 /* Pods-dqxRecipe.release.xcconfig */ = {isa = PBXFileReference; includeInIndex = 1; lastKnownFileType = text.xcconfig; name = "Pods-dqxRecipe.release.xcconfig"; path = "Pods/Target Support Files/Pods-dqxRecipe/Pods-dqxRecipe.release.xcconfig"; sourceTree = "<group>"; };
/* End PBXFileReference section */

/* Begin PBXFrameworksBuildPhase section */
		8478BF771DE4A3610052E351 /* Frameworks */ = {
			isa = PBXFrameworksBuildPhase;
			buildActionMask = 2147483647;
			files = (
				FE03AA3C1E79395FCF03974C /* libPods-dqxRecipe.a in Frameworks */,
			);
			runOnlyForDeploymentPostprocessing = 0;
		};
		8478BF901DE4A3610052E351 /* Frameworks */ = {
			isa = PBXFrameworksBuildPhase;
			buildActionMask = 2147483647;
			files = (
			);
			runOnlyForDeploymentPostprocessing = 0;
		};
		8478BF9B1DE4A3610052E351 /* Frameworks */ = {
			isa = PBXFrameworksBuildPhase;
			buildActionMask = 2147483647;
			files = (
			);
			runOnlyForDeploymentPostprocessing = 0;
		};
/* End PBXFrameworksBuildPhase section */

/* Begin PBXGroup section */
		5873BF111DEA6F4A005B6BD5 /* RecipeSearch */ = {
			isa = PBXGroup;
			children = (
				5873BF151DEA742C005B6BD5 /* DRSearchViewController.m */,
				5873BF161DEA742C005B6BD5 /* DRSearchViewController.h */,
			);
			name = RecipeSearch;
			sourceTree = "<group>";
		};
		5873BF181DEA7470005B6BD5 /* RecipeSearch */ = {
			isa = PBXGroup;
			children = (
				5873BF191DEA74A5005B6BD5 /* DRRecipeSearchCell.h */,
				5873BF1A1DEA74C4005B6BD5 /* DRRecipeSearchCell.m */,
			);
			name = RecipeSearch;
			sourceTree = "<group>";
		};
		5873BF1C1DEA7A76005B6BD5 /* Models */ = {
			isa = PBXGroup;
			children = (
				5873BF1D1DEA7AC7005B6BD5 /* DRRecipeSearchItem.h */,
				5873BF1E1DEA7AD9005B6BD5 /* DRRecipeSearchItem.m */,
			);
			name = Models;
			sourceTree = "<group>";
		};
		5873BF2F1DEC38B7005B6BD5 /* MaterialItem */ = {
			isa = PBXGroup;
			children = (
				5873BF311DEC3A0C005B6BD5 /* DRMaterialIemViewController.h */,
				5873BF321DEC3A1F005B6BD5 /* DRMaterialIemViewController.m */,
			);
			name = MaterialItem;
			sourceTree = "<group>";
		};
		5873BF301DEC38C7005B6BD5 /* RecipeHistory */ = {
			isa = PBXGroup;
			children = (
				5873BF341DEC3C66005B6BD5 /* DRRecipeHistoryViewController.h */,
				5873BF351DEC3C77005B6BD5 /* DRRecipeHistoryViewController.m */,
			);
			name = RecipeHistory;
			sourceTree = "<group>";
		};
		58A556071DE53C6B004D1625 /* Common */ = {
			isa = PBXGroup;
			children = (
				58A5561D1DE5A05B004D1625 /* Categories */,
				58A556081DE53C79004D1625 /* Headers */,
			);
			name = Common;
			sourceTree = "<group>";
		};
		58A556081DE53C79004D1625 /* Headers */ = {
			isa = PBXGroup;
			children = (
				58A556091DE53CBC004D1625 /* Constants.h */,
				58A556211DE5A525004D1625 /* Macros.h */,
			);
			name = Headers;
			sourceTree = "<group>";
		};
		58A5560B1DE53F94004D1625 /* RecipeCategories */ = {
			isa = PBXGroup;
			children = (
				58A5560C1DE5402F004D1625 /* DRCategoriesViewController.h */,
				58A5560D1DE54074004D1625 /* DRCategoriesViewController.m */,
				58A5562F1DE6BA2D004D1625 /* DRSubCategoriesViewController.h */,
				58A556301DE6BA4D004D1625 /* DRSubCategoriesViewController.m */,
				5873BF0E1DE83963005B6BD5 /* DRDetailMaterialViewController.h */,
				5873BF0F1DE83977005B6BD5 /* DRDetailMaterialViewController.m */,
			);
			name = RecipeCategories;
			sourceTree = "<group>";
		};
		58A5560F1DE540CF004D1625 /* Base */ = {
			isa = PBXGroup;
			children = (
				58A556101DE540FB004D1625 /* DRBaseViewController.h */,
				58A556111DE54114004D1625 /* DRBaseViewController.m */,
			);
			name = Base;
			sourceTree = "<group>";
		};
		58A556131DE55B56004D1625 /* Pods */ = {
			isa = PBXGroup;
			children = (
				90801B85F98F4F31E78DEC1C /* Pods-dqxRecipe.debug.xcconfig */,
				A55A128C9FC914D1DB984382 /* Pods-dqxRecipe.release.xcconfig */,
			);
			name = Pods;
			sourceTree = "<group>";
		};
		58A5561A1DE58FE2004D1625 /* Frameworks */ = {
			isa = PBXGroup;
			children = (
				580AEFD11DEDA5E4009C2682 /* GoogleMobileAds.framework */,
				35C4BDA3CA34EA0C1315FCBE /* libPods-dqxRecipe.a */,
			);
			name = Frameworks;
			sourceTree = "<group>";
		};
		58A5561D1DE5A05B004D1625 /* Categories */ = {
			isa = PBXGroup;
			children = (
				58A5561E1DE5A0BE004D1625 /* UIImage+Common.h */,
				58A5561F1DE5A0BE004D1625 /* UIImage+Common.m */,
			);
			name = Categories;
			sourceTree = "<group>";
		};
		58A556221DE5A62C004D1625 /* CustomViews */ = {
			isa = PBXGroup;
			children = (
				5873BF181DEA7470005B6BD5 /* RecipeSearch */,
				58A556281DE5A7AC004D1625 /* Base */,
				58A556231DE5A652004D1625 /* RecipeCategories */,
			);
			name = CustomViews;
			sourceTree = "<group>";
		};
		58A556231DE5A652004D1625 /* RecipeCategories */ = {
			isa = PBXGroup;
			children = (
				58A556241DE5A679004D1625 /* Cells */,
				58A5562C1DE5C8E5004D1625 /* DRRecipeCategoriesHeaderView.h */,
				58A5562D1DE5C8FB004D1625 /* DRRecipeCategoriesHeaderView.m */,
			);
			name = RecipeCategories;
			sourceTree = "<group>";
		};
		58A556241DE5A679004D1625 /* Cells */ = {
			isa = PBXGroup;
			children = (
				58A556251DE5A6FE004D1625 /* DRRecipeCategoriesCell.h */,
				58A556261DE5A712004D1625 /* DRRecipeCategoriesCell.m */,
				5873BF071DE82280005B6BD5 /* DRDetailMaterialCell.h */,
				5873BF081DE8229E005B6BD5 /* DRDetailMaterialCell.m */,
				5873BF0A1DE82483005B6BD5 /* DRDetailMaterialCell.xib */,
				5873BF0C1DE82848005B6BD5 /* DRDetailMaterialHeaderCell.xib */,
			);
			name = Cells;
			sourceTree = "<group>";
		};
		58A556281DE5A7AC004D1625 /* Base */ = {
			isa = PBXGroup;
			children = (
				58A556291DE5A7CD004D1625 /* DRBaseCell.h */,
				58A5562A1DE5A7E2004D1625 /* DRBaseCell.m */,
			);
			name = Base;
			sourceTree = "<group>";
		};
		8478BF711DE4A3610052E351 = {
			isa = PBXGroup;
			children = (
				58A556131DE55B56004D1625 /* Pods */,
				8478BF7C1DE4A3610052E351 /* dqxRecipe */,
				8478BF961DE4A3610052E351 /* dqxRecipeTests */,
				8478BFA11DE4A3610052E351 /* dqxRecipeUITests */,
				8478BF7B1DE4A3610052E351 /* Products */,
				58A5561A1DE58FE2004D1625 /* Frameworks */,
			);
			sourceTree = "<group>";
		};
		8478BF7B1DE4A3610052E351 /* Products */ = {
			isa = PBXGroup;
			children = (
				8478BF7A1DE4A3610052E351 /* dqxRecipe.app */,
				8478BF931DE4A3610052E351 /* dqxRecipeTests.xctest */,
				8478BF9E1DE4A3610052E351 /* dqxRecipeUITests.xctest */,
			);
			name = Products;
			sourceTree = "<group>";
		};
		8478BF7C1DE4A3610052E351 /* dqxRecipe */ = {
			isa = PBXGroup;
			children = (
				5873BF1C1DEA7A76005B6BD5 /* Models */,
				58A556221DE5A62C004D1625 /* CustomViews */,
				58A556071DE53C6B004D1625 /* Common */,
				8478BFB01DE4A7410052E351 /* ViewControllers */,
				8478BF801DE4A3610052E351 /* AppDelegate.h */,
				8478BF811DE4A3610052E351 /* AppDelegate.m */,
				8478BF831DE4A3610052E351 /* ViewController.h */,
				8478BF841DE4A3610052E351 /* ViewController.m */,
				8478BF861DE4A3610052E351 /* Main.storyboard */,
				8478BF891DE4A3610052E351 /* Assets.xcassets */,
				8478BF8B1DE4A3610052E351 /* LaunchScreen.storyboard */,
				8478BF8E1DE4A3610052E351 /* Info.plist */,
				8478BF7D1DE4A3610052E351 /* Supporting Files */,
			);
			path = dqxRecipe;
			sourceTree = "<group>";
		};
		8478BF7D1DE4A3610052E351 /* Supporting Files */ = {
			isa = PBXGroup;
			children = (
				8478BF7E1DE4A3610052E351 /* main.m */,
				58A5560A1DE53DC5004D1625 /* dqxRecipe.pch */,
			);
			name = "Supporting Files";
			sourceTree = "<group>";
		};
		8478BF961DE4A3610052E351 /* dqxRecipeTests */ = {
			isa = PBXGroup;
			children = (
				8478BF971DE4A3610052E351 /* dqxRecipeTests.m */,
				8478BF991DE4A3610052E351 /* Info.plist */,
			);
			path = dqxRecipeTests;
			sourceTree = "<group>";
		};
		8478BFA11DE4A3610052E351 /* dqxRecipeUITests */ = {
			isa = PBXGroup;
			children = (
				8478BFA21DE4A3610052E351 /* dqxRecipeUITests.m */,
				8478BFA41DE4A3610052E351 /* Info.plist */,
			);
			path = dqxRecipeUITests;
			sourceTree = "<group>";
		};
		8478BFB01DE4A7410052E351 /* ViewControllers */ = {
			isa = PBXGroup;
			children = (
				5873BF301DEC38C7005B6BD5 /* RecipeHistory */,
				5873BF2F1DEC38B7005B6BD5 /* MaterialItem */,
				5873BF111DEA6F4A005B6BD5 /* RecipeSearch */,
				58A5560F1DE540CF004D1625 /* Base */,
				58A5560B1DE53F94004D1625 /* RecipeCategories */,
				8478BFB11DE4A77B0052E351 /* TabBar */,
			);
			name = ViewControllers;
			sourceTree = "<group>";
		};
		8478BFB11DE4A77B0052E351 /* TabBar */ = {
			isa = PBXGroup;
			children = (
				8478BFB21DE4A8890052E351 /* DRTabBarController.h */,
				8478BFB31DE4A8E50052E351 /* DRTabBarController.m */,
			);
			name = TabBar;
			sourceTree = "<group>";
		};
/* End PBXGroup section */

/* Begin PBXNativeTarget section */
		8478BF791DE4A3610052E351 /* dqxRecipe */ = {
			isa = PBXNativeTarget;
			buildConfigurationList = 8478BFA71DE4A3610052E351 /* Build configuration list for PBXNativeTarget "dqxRecipe" */;
			buildPhases = (
				4616FC87C4D8C820845F0F88 /* [CP] Check Pods Manifest.lock */,
				8478BF761DE4A3610052E351 /* Sources */,
				8478BF771DE4A3610052E351 /* Frameworks */,
				8478BF781DE4A3610052E351 /* Resources */,
				58A556181DE58E60004D1625 /* [CP] Embed Pods Frameworks */,
				E06A0C376EE0402596277CC6 /* [CP] Copy Pods Resources */,
			);
			buildRules = (
			);
			dependencies = (
			);
			name = dqxRecipe;
			productName = dqxRecipe;
			productReference = 8478BF7A1DE4A3610052E351 /* dqxRecipe.app */;
			productType = "com.apple.product-type.application";
		};
		8478BF921DE4A3610052E351 /* dqxRecipeTests */ = {
			isa = PBXNativeTarget;
			buildConfigurationList = 8478BFAA1DE4A3610052E351 /* Build configuration list for PBXNativeTarget "dqxRecipeTests" */;
			buildPhases = (
				8478BF8F1DE4A3610052E351 /* Sources */,
				8478BF901DE4A3610052E351 /* Frameworks */,
				8478BF911DE4A3610052E351 /* Resources */,
			);
			buildRules = (
			);
			dependencies = (
				8478BF951DE4A3610052E351 /* PBXTargetDependency */,
			);
			name = dqxRecipeTests;
			productName = dqxRecipeTests;
			productReference = 8478BF931DE4A3610052E351 /* dqxRecipeTests.xctest */;
			productType = "com.apple.product-type.bundle.unit-test";
		};
		8478BF9D1DE4A3610052E351 /* dqxRecipeUITests */ = {
			isa = PBXNativeTarget;
			buildConfigurationList = 8478BFAD1DE4A3610052E351 /* Build configuration list for PBXNativeTarget "dqxRecipeUITests" */;
			buildPhases = (
				8478BF9A1DE4A3610052E351 /* Sources */,
				8478BF9B1DE4A3610052E351 /* Frameworks */,
				8478BF9C1DE4A3610052E351 /* Resources */,
			);
			buildRules = (
			);
			dependencies = (
				8478BFA01DE4A3610052E351 /* PBXTargetDependency */,
			);
			name = dqxRecipeUITests;
			productName = dqxRecipeUITests;
			productReference = 8478BF9E1DE4A3610052E351 /* dqxRecipeUITests.xctest */;
			productType = "com.apple.product-type.bundle.ui-testing";
		};
/* End PBXNativeTarget section */

/* Begin PBXProject section */
		8478BF721DE4A3610052E351 /* Project object */ = {
			isa = PBXProject;
			attributes = {
				LastUpgradeCheck = 0800;
				ORGANIZATIONNAME = mengyoutu.cn;
				TargetAttributes = {
					8478BF791DE4A3610052E351 = {
						CreatedOnToolsVersion = 8.0;
						DevelopmentTeam = 887CVK63XR;
						ProvisioningStyle = Automatic;
					};
					8478BF921DE4A3610052E351 = {
						CreatedOnToolsVersion = 8.0;
						DevelopmentTeam = 887CVK63XR;
						ProvisioningStyle = Automatic;
						TestTargetID = 8478BF791DE4A3610052E351;
					};
					8478BF9D1DE4A3610052E351 = {
						CreatedOnToolsVersion = 8.0;
						DevelopmentTeam = 887CVK63XR;
						ProvisioningStyle = Automatic;
						TestTargetID = 8478BF791DE4A3610052E351;
					};
				};
			};
			buildConfigurationList = 8478BF751DE4A3610052E351 /* Build configuration list for PBXProject "dqxRecipe" */;
			compatibilityVersion = "Xcode 3.2";
			developmentRegion = English;
			hasScannedForEncodings = 0;
			knownRegions = (
				en,
				Base,
			);
			mainGroup = 8478BF711DE4A3610052E351;
			productRefGroup = 8478BF7B1DE4A3610052E351 /* Products */;
			projectDirPath = "";
			projectRoot = "";
			targets = (
				8478BF791DE4A3610052E351 /* dqxRecipe */,
				8478BF921DE4A3610052E351 /* dqxRecipeTests */,
				8478BF9D1DE4A3610052E351 /* dqxRecipeUITests */,
			);
		};
/* End PBXProject section */

/* Begin PBXResourcesBuildPhase section */
		8478BF781DE4A3610052E351 /* Resources */ = {
			isa = PBXResourcesBuildPhase;
			buildActionMask = 2147483647;
			files = (
				8478BF8D1DE4A3610052E351 /* LaunchScreen.storyboard in Resources */,
				5873BF0D1DE82848005B6BD5 /* DRDetailMaterialHeaderCell.xib in Resources */,
				8478BF8A1DE4A3610052E351 /* Assets.xcassets in Resources */,
				8478BF881DE4A3610052E351 /* Main.storyboard in Resources */,
				5873BF0B1DE82483005B6BD5 /* DRDetailMaterialCell.xib in Resources */,
			);
			runOnlyForDeploymentPostprocessing = 0;
		};
		8478BF911DE4A3610052E351 /* Resources */ = {
			isa = PBXResourcesBuildPhase;
			buildActionMask = 2147483647;
			files = (
			);
			runOnlyForDeploymentPostprocessing = 0;
		};
		8478BF9C1DE4A3610052E351 /* Resources */ = {
			isa = PBXResourcesBuildPhase;
			buildActionMask = 2147483647;
			files = (
			);
			runOnlyForDeploymentPostprocessing = 0;
		};
/* End PBXResourcesBuildPhase section */

/* Begin PBXShellScriptBuildPhase section */
		4616FC87C4D8C820845F0F88 /* [CP] Check Pods Manifest.lock */ = {
			isa = PBXShellScriptBuildPhase;
			buildActionMask = 2147483647;
			files = (
			);
			inputPaths = (
			);
			name = "[CP] Check Pods Manifest.lock";
			outputPaths = (
			);
			runOnlyForDeploymentPostprocessing = 0;
			shellPath = /bin/sh;
			shellScript = "diff \"${PODS_ROOT}/../Podfile.lock\" \"${PODS_ROOT}/Manifest.lock\" > /dev/null\nif [ $? != 0 ] ; then\n    # print error to STDERR\n    echo \"error: The sandbox is not in sync with the Podfile.lock. Run 'pod install' or update your CocoaPods installation.\" >&2\n    exit 1\nfi\n";
			showEnvVarsInLog = 0;
		};
		58A556181DE58E60004D1625 /* [CP] Embed Pods Frameworks */ = {
			isa = PBXShellScriptBuildPhase;
			buildActionMask = 2147483647;
			files = (
			);
			inputPaths = (
			);
			name = "[CP] Embed Pods Frameworks";
			outputPaths = (
			);
			runOnlyForDeploymentPostprocessing = 0;
			shellPath = /bin/sh;
			shellScript = "\"${SRCROOT}/Pods/Target Support Files/Pods-dqxRecipe/Pods-dqxRecipe-frameworks.sh\"\n";
			showEnvVarsInLog = 0;
		};
		E06A0C376EE0402596277CC6 /* [CP] Copy Pods Resources */ = {
			isa = PBXShellScriptBuildPhase;
			buildActionMask = 2147483647;
			files = (
			);
			inputPaths = (
			);
			name = "[CP] Copy Pods Resources";
			outputPaths = (
			);
			runOnlyForDeploymentPostprocessing = 0;
			shellPath = /bin/sh;
			shellScript = "\"${SRCROOT}/Pods/Target Support Files/Pods-dqxRecipe/Pods-dqxRecipe-resources.sh\"\n";
			showEnvVarsInLog = 0;
		};
/* End PBXShellScriptBuildPhase section */

/* Begin PBXSourcesBuildPhase section */
		8478BF761DE4A3610052E351 /* Sources */ = {
			isa = PBXSourcesBuildPhase;
			buildActionMask = 2147483647;
			files = (
				8478BF851DE4A3610052E351 /* ViewController.m in Sources */,
				5873BF361DEC3C77005B6BD5 /* DRRecipeHistoryViewController.m in Sources */,
				5873BF1B1DEA74C4005B6BD5 /* DRRecipeSearchCell.m in Sources */,
				5873BF1F1DEA7AD9005B6BD5 /* DRRecipeSearchItem.m in Sources */,
				8478BFB41DE4A8E50052E351 /* DRTabBarController.m in Sources */,
				5873BF171DEA742C005B6BD5 /* DRSearchViewController.m in Sources */,
				58A5560E1DE54074004D1625 /* DRCategoriesViewController.m in Sources */,
				58A5562E1DE5C8FB004D1625 /* DRRecipeCategoriesHeaderView.m in Sources */,
				58A556311DE6BA4D004D1625 /* DRSubCategoriesViewController.m in Sources */,
				5873BF331DEC3A1F005B6BD5 /* DRMaterialIemViewController.m in Sources */,
				58A556121DE54114004D1625 /* DRBaseViewController.m in Sources */,
				58A556201DE5A0BE004D1625 /* UIImage+Common.m in Sources */,
				58A5562B1DE5A7E2004D1625 /* DRBaseCell.m in Sources */,
				8478BF821DE4A3610052E351 /* AppDelegate.m in Sources */,
				5873BF091DE8229E005B6BD5 /* DRDetailMaterialCell.m in Sources */,
				8478BF7F1DE4A3610052E351 /* main.m in Sources */,
				5873BF101DE83977005B6BD5 /* DRDetailMaterialViewController.m in Sources */,
				58A556271DE5A712004D1625 /* DRRecipeCategoriesCell.m in Sources */,
			);
			runOnlyForDeploymentPostprocessing = 0;
		};
		8478BF8F1DE4A3610052E351 /* Sources */ = {
			isa = PBXSourcesBuildPhase;
			buildActionMask = 2147483647;
			files = (
				8478BF981DE4A3610052E351 /* dqxRecipeTests.m in Sources */,
			);
			runOnlyForDeploymentPostprocessing = 0;
		};
		8478BF9A1DE4A3610052E351 /* Sources */ = {
			isa = PBXSourcesBuildPhase;
			buildActionMask = 2147483647;
			files = (
				8478BFA31DE4A3610052E351 /* dqxRecipeUITests.m in Sources */,
			);
			runOnlyForDeploymentPostprocessing = 0;
		};
/* End PBXSourcesBuildPhase section */

/* Begin PBXTargetDependency section */
		8478BF951DE4A3610052E351 /* PBXTargetDependency */ = {
			isa = PBXTargetDependency;
			target = 8478BF791DE4A3610052E351 /* dqxRecipe */;
			targetProxy = 8478BF941DE4A3610052E351 /* PBXContainerItemProxy */;
		};
		8478BFA01DE4A3610052E351 /* PBXTargetDependency */ = {
			isa = PBXTargetDependency;
			target = 8478BF791DE4A3610052E351 /* dqxRecipe */;
			targetProxy = 8478BF9F1DE4A3610052E351 /* PBXContainerItemProxy */;
		};
/* End PBXTargetDependency section */

/* Begin PBXVariantGroup section */
		8478BF861DE4A3610052E351 /* Main.storyboard */ = {
			isa = PBXVariantGroup;
			children = (
				8478BF871DE4A3610052E351 /* Base */,
			);
			name = Main.storyboard;
			sourceTree = "<group>";
		};
		8478BF8B1DE4A3610052E351 /* LaunchScreen.storyboard */ = {
			isa = PBXVariantGroup;
			children = (
				8478BF8C1DE4A3610052E351 /* Base */,
			);
			name = LaunchScreen.storyboard;
			sourceTree = "<group>";
		};
/* End PBXVariantGroup section */

/* Begin XCBuildConfiguration section */
		8478BFA51DE4A3610052E351 /* Debug */ = {
			isa = XCBuildConfiguration;
			buildSettings = {
				ALWAYS_SEARCH_USER_PATHS = NO;
				CLANG_ANALYZER_NONNULL = YES;
				CLANG_CXX_LANGUAGE_STANDARD = "gnu++0x";
				CLANG_CXX_LIBRARY = "libc++";
				CLANG_ENABLE_MODULES = YES;
				CLANG_ENABLE_OBJC_ARC = YES;
				CLANG_WARN_BOOL_CONVERSION = YES;
				CLANG_WARN_CONSTANT_CONVERSION = YES;
				CLANG_WARN_DIRECT_OBJC_ISA_USAGE = YES_ERROR;
				CLANG_WARN_DOCUMENTATION_COMMENTS = YES;
				CLANG_WARN_EMPTY_BODY = YES;
				CLANG_WARN_ENUM_CONVERSION = YES;
				CLANG_WARN_INFINITE_RECURSION = YES;
				CLANG_WARN_INT_CONVERSION = YES;
				CLANG_WARN_OBJC_ROOT_CLASS = YES_ERROR;
				CLANG_WARN_SUSPICIOUS_MOVES = YES;
				CLANG_WARN_UNREACHABLE_CODE = YES;
				CLANG_WARN__DUPLICATE_METHOD_MATCH = YES;
				"CODE_SIGN_IDENTITY[sdk=iphoneos*]" = "iPhone Developer";
				COPY_PHASE_STRIP = NO;
				DEBUG_INFORMATION_FORMAT = dwarf;
				ENABLE_STRICT_OBJC_MSGSEND = YES;
				ENABLE_TESTABILITY = YES;
				GCC_C_LANGUAGE_STANDARD = gnu99;
				GCC_DYNAMIC_NO_PIC = NO;
				GCC_NO_COMMON_BLOCKS = YES;
				GCC_OPTIMIZATION_LEVEL = 0;
				GCC_PREPROCESSOR_DEFINITIONS = (
					"DEBUG=1",
					"$(inherited)",
				);
				GCC_WARN_64_TO_32_BIT_CONVERSION = YES;
				GCC_WARN_ABOUT_RETURN_TYPE = YES_ERROR;
				GCC_WARN_UNDECLARED_SELECTOR = YES;
				GCC_WARN_UNINITIALIZED_AUTOS = YES_AGGRESSIVE;
				GCC_WARN_UNUSED_FUNCTION = YES;
				GCC_WARN_UNUSED_VARIABLE = YES;
				IPHONEOS_DEPLOYMENT_TARGET = 10.0;
				MTL_ENABLE_DEBUG_INFO = YES;
				ONLY_ACTIVE_ARCH = YES;
				SDKROOT = iphoneos;
			};
			name = Debug;
		};
		8478BFA61DE4A3610052E351 /* Release */ = {
			isa = XCBuildConfiguration;
			buildSettings = {
				ALWAYS_SEARCH_USER_PATHS = NO;
				CLANG_ANALYZER_NONNULL = YES;
				CLANG_CXX_LANGUAGE_STANDARD = "gnu++0x";
				CLANG_CXX_LIBRARY = "libc++";
				CLANG_ENABLE_MODULES = YES;
				CLANG_ENABLE_OBJC_ARC = YES;
				CLANG_WARN_BOOL_CONVERSION = YES;
				CLANG_WARN_CONSTANT_CONVERSION = YES;
				CLANG_WARN_DIRECT_OBJC_ISA_USAGE = YES_ERROR;
				CLANG_WARN_DOCUMENTATION_COMMENTS = YES;
				CLANG_WARN_EMPTY_BODY = YES;
				CLANG_WARN_ENUM_CONVERSION = YES;
				CLANG_WARN_INFINITE_RECURSION = YES;
				CLANG_WARN_INT_CONVERSION = YES;
				CLANG_WARN_OBJC_ROOT_CLASS = YES_ERROR;
				CLANG_WARN_SUSPICIOUS_MOVES = YES;
				CLANG_WARN_UNREACHABLE_CODE = YES;
				CLANG_WARN__DUPLICATE_METHOD_MATCH = YES;
				"CODE_SIGN_IDENTITY[sdk=iphoneos*]" = "iPhone Developer";
				COPY_PHASE_STRIP = NO;
				DEBUG_INFORMATION_FORMAT = "dwarf-with-dsym";
				ENABLE_NS_ASSERTIONS = NO;
				ENABLE_STRICT_OBJC_MSGSEND = YES;
				GCC_C_LANGUAGE_STANDARD = gnu99;
				GCC_NO_COMMON_BLOCKS = YES;
				GCC_WARN_64_TO_32_BIT_CONVERSION = YES;
				GCC_WARN_ABOUT_RETURN_TYPE = YES_ERROR;
				GCC_WARN_UNDECLARED_SELECTOR = YES;
				GCC_WARN_UNINITIALIZED_AUTOS = YES_AGGRESSIVE;
				GCC_WARN_UNUSED_FUNCTION = YES;
				GCC_WARN_UNUSED_VARIABLE = YES;
				IPHONEOS_DEPLOYMENT_TARGET = 10.0;
				MTL_ENABLE_DEBUG_INFO = NO;
				SDKROOT = iphoneos;
				VALIDATE_PRODUCT = YES;
			};
			name = Release;
		};
		8478BFA81DE4A3610052E351 /* Debug */ = {
			isa = XCBuildConfiguration;
			baseConfigurationReference = 90801B85F98F4F31E78DEC1C /* Pods-dqxRecipe.debug.xcconfig */;
			buildSettings = {
				ASSETCATALOG_COMPILER_APPICON_NAME = AppIcon;
				DEVELOPMENT_TEAM = 887CVK63XR;
				FRAMEWORK_SEARCH_PATHS = (
					"$(inherited)",
					"$(PROJECT_DIR)/Pods/Google-Mobile-Ads-SDK/Frameworks",
				);
				GCC_INCREASE_PRECOMPILED_HEADER_SHARING = NO;
				GCC_PRECOMPILE_PREFIX_HEADER = YES;
				GCC_PREFIX_HEADER = dqxRecipe/dqxRecipe.pch;
				HEADER_SEARCH_PATHS = (
					"$(inherited)",
					"\"${PODS_ROOT}/Headers/Public/MBProgressHUD\"",
					"\"${PODS_ROOT}/Headers/Public/Masonry\"",
					"\"${PODS_ROOT}/SDWebImage/SDWebImage\"",
					"\"dqxRecipe/ViewControllers/Base\"",
					"\"dqxRecipe/ViewControllers/RecipeCategories\"",
					"\"dqxRecipe/ViewControllers/TabBar\"",
					"\"dqxRecipe/Common/Categories\"",
					"\"dqxRecipe/Common/Headers\"",
					"\"dqxRecipe/CustomViews/Base\"",
					"\"dqxRecipe/CustomViews/RecipeCategories/Cells\"",
					"\"dqxRecipe/CustomViews/RecipeCategories\"",
					"\"dqxRecipe/Models\"",
					"\"dqxRecipe/ViewControllers/MaterialItem\"",
					"\"dqxRecipe/ViewControllers/RecipeHistory\"",
				);
				INFOPLIST_FILE = dqxRecipe/Info.plist;
				IPHONEOS_DEPLOYMENT_TARGET = 8.0;
				LD_RUNPATH_SEARCH_PATHS = "$(inherited) @executable_path/Frameworks";
				LIBRARY_SEARCH_PATHS = "$(inherited)";
				OTHER_LDFLAGS = "$(inherited)";
				PODS_ROOT_DELETE = "${SRCROOT}/Pods";
				PRODUCT_BUNDLE_IDENTIFIER = cn.mengyoutu.dqxRecipe;
				PRODUCT_NAME = "$(TARGET_NAME)";
			};
			name = Debug;
		};
		8478BFA91DE4A3610052E351 /* Release */ = {
			isa = XCBuildConfiguration;
			baseConfigurationReference = A55A128C9FC914D1DB984382 /* Pods-dqxRecipe.release.xcconfig */;
			buildSettings = {
				ASSETCATALOG_COMPILER_APPICON_NAME = AppIcon;
				DEVELOPMENT_TEAM = 887CVK63XR;
				FRAMEWORK_SEARCH_PATHS = (
					"$(inherited)",
					"$(PROJECT_DIR)/Pods/Google-Mobile-Ads-SDK/Frameworks",
				);
				GCC_INCREASE_PRECOMPILED_HEADER_SHARING = NO;
				GCC_PRECOMPILE_PREFIX_HEADER = YES;
				GCC_PREFIX_HEADER = dqxRecipe/dqxRecipe.pch;
				HEADER_SEARCH_PATHS = (
					"$(inherited)",
					"\"${PODS_ROOT}/Headers/Public/MBProgressHUD\"",
					"\"${PODS_ROOT}/Headers/Public/Masonry\"",
					"\"${PODS_ROOT}/SDWebImage/SDWebImage\"",
					"\"dqxRecipe/ViewControllers/Base\"",
					"\"dqxRecipe/ViewControllers/RecipeCategories\"",
					"\"dqxRecipe/ViewControllers/TabBar\"",
					"\"dqxRecipe/Common/Categories\"",
					"\"dqxRecipe/Common/Headers\"",
					"\"dqxRecipe/CustomViews/Base\"",
					"\"dqxRecipe/CustomViews/RecipeCategories/Cells\"",
					"\"dqxRecipe/CustomViews/RecipeCategories\"",
					"\"dqxRecipe/Models\"",
					"\"dqxRecipe/ViewControllers/MaterialItem\"",
					"\"dqxRecipe/ViewControllers/RecipeHistory\"",
				);
				INFOPLIST_FILE = dqxRecipe/Info.plist;
				IPHONEOS_DEPLOYMENT_TARGET = 8.0;
				LD_RUNPATH_SEARCH_PATHS = "$(inherited) @executable_path/Frameworks";
				LIBRARY_SEARCH_PATHS = "$(inherited)";
				OTHER_LDFLAGS = "$(inherited)";
				PODS_ROOT_DELETE = "${SRCROOT}/Pods";
				PRODUCT_BUNDLE_IDENTIFIER = cn.mengyoutu.dqxRecipe;
				PRODUCT_NAME = "$(TARGET_NAME)";
			};
			name = Release;
		};
		8478BFAB1DE4A3610052E351 /* Debug */ = {
			isa = XCBuildConfiguration;
			buildSettings = {
				BUNDLE_LOADER = "$(TEST_HOST)";
				DEVELOPMENT_TEAM = 887CVK63XR;
				INFOPLIST_FILE = dqxRecipeTests/Info.plist;
				LD_RUNPATH_SEARCH_PATHS = "$(inherited) @executable_path/Frameworks @loader_path/Frameworks";
				PRODUCT_BUNDLE_IDENTIFIER = cn.mengyoutu.dqxRecipeTests;
				PRODUCT_NAME = "$(TARGET_NAME)";
				TEST_HOST = "$(BUILT_PRODUCTS_DIR)/dqxRecipe.app/dqxRecipe";
			};
			name = Debug;
		};
		8478BFAC1DE4A3610052E351 /* Release */ = {
			isa = XCBuildConfiguration;
			buildSettings = {
				BUNDLE_LOADER = "$(TEST_HOST)";
				DEVELOPMENT_TEAM = 887CVK63XR;
				INFOPLIST_FILE = dqxRecipeTests/Info.plist;
				LD_RUNPATH_SEARCH_PATHS = "$(inherited) @executable_path/Frameworks @loader_path/Frameworks";
				PRODUCT_BUNDLE_IDENTIFIER = cn.mengyoutu.dqxRecipeTests;
				PRODUCT_NAME = "$(TARGET_NAME)";
				TEST_HOST = "$(BUILT_PRODUCTS_DIR)/dqxRecipe.app/dqxRecipe";
			};
			name = Release;
		};
		8478BFAE1DE4A3610052E351 /* Debug */ = {
			isa = XCBuildConfiguration;
			buildSettings = {
				DEVELOPMENT_TEAM = 887CVK63XR;
				INFOPLIST_FILE = dqxRecipeUITests/Info.plist;
				LD_RUNPATH_SEARCH_PATHS = "$(inherited) @executable_path/Frameworks @loader_path/Frameworks";
				PRODUCT_BUNDLE_IDENTIFIER = cn.mengyoutu.dqxRecipeUITests;
				PRODUCT_NAME = "$(TARGET_NAME)";
				TEST_TARGET_NAME = dqxRecipe;
			};
			name = Debug;
		};
		8478BFAF1DE4A3610052E351 /* Release */ = {
			isa = XCBuildConfiguration;
			buildSettings = {
				DEVELOPMENT_TEAM = 887CVK63XR;
				INFOPLIST_FILE = dqxRecipeUITests/Info.plist;
				LD_RUNPATH_SEARCH_PATHS = "$(inherited) @executable_path/Frameworks @loader_path/Frameworks";
				PRODUCT_BUNDLE_IDENTIFIER = cn.mengyoutu.dqxRecipeUITests;
				PRODUCT_NAME = "$(TARGET_NAME)";
				TEST_TARGET_NAME = dqxRecipe;
			};
			name = Release;
		};
/* End XCBuildConfiguration section */

/* Begin XCConfigurationList section */
		8478BF751DE4A3610052E351 /* Build configuration list for PBXProject "dqxRecipe" */ = {
			isa = XCConfigurationList;
			buildConfigurations = (
				8478BFA51DE4A3610052E351 /* Debug */,
				8478BFA61DE4A3610052E351 /* Release */,
			);
			defaultConfigurationIsVisible = 0;
			defaultConfigurationName = Release;
		};
		8478BFA71DE4A3610052E351 /* Build configuration list for PBXNativeTarget "dqxRecipe" */ = {
			isa = XCConfigurationList;
			buildConfigurations = (
				8478BFA81DE4A3610052E351 /* Debug */,
				8478BFA91DE4A3610052E351 /* Release */,
			);
			defaultConfigurationIsVisible = 0;
			defaultConfigurationName = Release;
		};
		8478BFAA1DE4A3610052E351 /* Build configuration list for PBXNativeTarget "dqxRecipeTests" */ = {
			isa = XCConfigurationList;
			buildConfigurations = (
				8478BFAB1DE4A3610052E351 /* Debug */,
				8478BFAC1DE4A3610052E351 /* Release */,
			);
			defaultConfigurationIsVisible = 0;
			defaultConfigurationName = Release;
		};
		8478BFAD1DE4A3610052E351 /* Build configuration list for PBXNativeTarget "dqxRecipeUITests" */ = {
			isa = XCConfigurationList;
			buildConfigurations = (
				8478BFAE1DE4A3610052E351 /* Debug */,
				8478BFAF1DE4A3610052E351 /* Release */,
			);
			defaultConfigurationIsVisible = 0;
			defaultConfigurationName = Release;
		};
/* End XCConfigurationList section */
	};
	rootObject = 8478BF721DE4A3610052E351 /* Project object */;
}
